// !$*UTF8*$!
{
	archiveVersion = 1;
	classes = {
	};
	objectVersion = 56;
	objects = {

/* Begin PBXBuildFile section */
		80354EE82A3B206A00412C73 /* AppDelegate.swift in Sources */ = {isa = PBXBuildFile; fileRef = 80354EE72A3B206A00412C73 /* AppDelegate.swift */; };
		80354EEA2A3B206A00412C73 /* SceneDelegate.swift in Sources */ = {isa = PBXBuildFile; fileRef = 80354EE92A3B206A00412C73 /* SceneDelegate.swift */; };
		80354EEC2A3B206A00412C73 /* ViewController.swift in Sources */ = {isa = PBXBuildFile; fileRef = 80354EEB2A3B206A00412C73 /* ViewController.swift */; };
		80354EEF2A3B206A00412C73 /* Main.storyboard in Resources */ = {isa = PBXBuildFile; fileRef = 80354EED2A3B206A00412C73 /* Main.storyboard */; };
		80354EF12A3B206D00412C73 /* Assets.xcassets in Resources */ = {isa = PBXBuildFile; fileRef = 80354EF02A3B206D00412C73 /* Assets.xcassets */; };
		80354EF42A3B206D00412C73 /* LaunchScreen.storyboard in Resources */ = {isa = PBXBuildFile; fileRef = 80354EF22A3B206D00412C73 /* LaunchScreen.storyboard */; };
		80354EFC2A3B216B00412C73 /* GoogleService-Info.plist in Resources */ = {isa = PBXBuildFile; fileRef = 80354EFB2A3B216B00412C73 /* GoogleService-Info.plist */; };
		80354EFF2A3B298C00412C73 /* DateCell.swift in Sources */ = {isa = PBXBuildFile; fileRef = 80354EFE2A3B298C00412C73 /* DateCell.swift */; };
		80354F012A3B6DD200412C73 /* DiaryDetailViewController.swift in Sources */ = {isa = PBXBuildFile; fileRef = 80354F002A3B6DD200412C73 /* DiaryDetailViewController.swift */; };
		80354F032A3C1B4B00412C73 /* StickerCell.swift in Sources */ = {isa = PBXBuildFile; fileRef = 80354F022A3C1B4B00412C73 /* StickerCell.swift */; };
		80354F052A3CA1BC00412C73 /* StickerViewController.swift in Sources */ = {isa = PBXBuildFile; fileRef = 80354F042A3CA1BC00412C73 /* StickerViewController.swift */; };
		80354F082A3DA24000412C73 /* Dongle-Regular.ttf in Resources */ = {isa = PBXBuildFile; fileRef = 80354F072A3DA23700412C73 /* Dongle-Regular.ttf */; };
		80354F0A2A3DA37900412C73 /* Font.swift in Sources */ = {isa = PBXBuildFile; fileRef = 80354F092A3DA37900412C73 /* Font.swift */; };
		80354F0E2A3DAA1C00412C73 /* GamjaFlower-Regular.ttf in Resources */ = {isa = PBXBuildFile; fileRef = 80354F0D2A3DAA1A00412C73 /* GamjaFlower-Regular.ttf */; };
		80354F112A3DAF8000412C73 /* Font-Regular.ttf in Resources */ = {isa = PBXBuildFile; fileRef = 80354F0F2A3DAC7F00412C73 /* Font-Regular.ttf */; };
		80354F132A3DAF9900412C73 /* 오뮤_다예쁨체.ttf in Resources */ = {isa = PBXBuildFile; fileRef = 80354F122A3DAF9900412C73 /* 오뮤_다예쁨체.ttf */; };
		80354F152A3EE3B700412C73 /* Database.swift in Sources */ = {isa = PBXBuildFile; fileRef = 80354F142A3EE3B700412C73 /* Database.swift */; };
		D5B21207D1455055F968CD2B /* Pods_Moody.framework in Frameworks */ = {isa = PBXBuildFile; fileRef = B192CBBC8EFADB5D77DD3199 /* Pods_Moody.framework */; };
/* End PBXBuildFile section */

/* Begin PBXFileReference section */
		0C3E0C100D2B1F57BC413E1F /* Pods-Moody.debug.xcconfig */ = {isa = PBXFileReference; includeInIndex = 1; lastKnownFileType = text.xcconfig; name = "Pods-Moody.debug.xcconfig"; path = "Target Support Files/Pods-Moody/Pods-Moody.debug.xcconfig"; sourceTree = "<group>"; };
		80354EE42A3B206A00412C73 /* Moody.app */ = {isa = PBXFileReference; explicitFileType = wrapper.application; includeInIndex = 0; path = Moody.app; sourceTree = BUILT_PRODUCTS_DIR; };
		80354EE72A3B206A00412C73 /* AppDelegate.swift */ = {isa = PBXFileReference; lastKnownFileType = sourcecode.swift; path = AppDelegate.swift; sourceTree = "<group>"; };
		80354EE92A3B206A00412C73 /* SceneDelegate.swift */ = {isa = PBXFileReference; lastKnownFileType = sourcecode.swift; path = SceneDelegate.swift; sourceTree = "<group>"; };
		80354EEB2A3B206A00412C73 /* ViewController.swift */ = {isa = PBXFileReference; lastKnownFileType = sourcecode.swift; path = ViewController.swift; sourceTree = "<group>"; };
		80354EEE2A3B206A00412C73 /* Base */ = {isa = PBXFileReference; lastKnownFileType = file.storyboard; name = Base; path = Base.lproj/Main.storyboard; sourceTree = "<group>"; };
		80354EF02A3B206D00412C73 /* Assets.xcassets */ = {isa = PBXFileReference; lastKnownFileType = folder.assetcatalog; path = Assets.xcassets; sourceTree = "<group>"; };
		80354EF32A3B206D00412C73 /* Base */ = {isa = PBXFileReference; lastKnownFileType = file.storyboard; name = Base; path = Base.lproj/LaunchScreen.storyboard; sourceTree = "<group>"; };
		80354EF52A3B206D00412C73 /* Info.plist */ = {isa = PBXFileReference; lastKnownFileType = text.plist.xml; path = Info.plist; sourceTree = "<group>"; };
		80354EFB2A3B216B00412C73 /* GoogleService-Info.plist */ = {isa = PBXFileReference; fileEncoding = 4; lastKnownFileType = text.plist.xml; path = "GoogleService-Info.plist"; sourceTree = "<group>"; };
		80354EFE2A3B298C00412C73 /* DateCell.swift */ = {isa = PBXFileReference; lastKnownFileType = sourcecode.swift; path = DateCell.swift; sourceTree = "<group>"; };
		80354F002A3B6DD200412C73 /* DiaryDetailViewController.swift */ = {isa = PBXFileReference; lastKnownFileType = sourcecode.swift; path = DiaryDetailViewController.swift; sourceTree = "<group>"; };
		80354F022A3C1B4B00412C73 /* StickerCell.swift */ = {isa = PBXFileReference; lastKnownFileType = sourcecode.swift; path = StickerCell.swift; sourceTree = "<group>"; };
		80354F042A3CA1BC00412C73 /* StickerViewController.swift */ = {isa = PBXFileReference; lastKnownFileType = sourcecode.swift; path = StickerViewController.swift; sourceTree = "<group>"; };
		80354F072A3DA23700412C73 /* Dongle-Regular.ttf */ = {isa = PBXFileReference; lastKnownFileType = file; path = "Dongle-Regular.ttf"; sourceTree = "<group>"; };
		80354F092A3DA37900412C73 /* Font.swift */ = {isa = PBXFileReference; lastKnownFileType = sourcecode.swift; path = Font.swift; sourceTree = "<group>"; };
		80354F0D2A3DAA1A00412C73 /* GamjaFlower-Regular.ttf */ = {isa = PBXFileReference; lastKnownFileType = file; path = "GamjaFlower-Regular.ttf"; sourceTree = "<group>"; };
		80354F0F2A3DAC7F00412C73 /* Font-Regular.ttf */ = {isa = PBXFileReference; lastKnownFileType = file; path = "Font-Regular.ttf"; sourceTree = "<group>"; };
		80354F122A3DAF9900412C73 /* 오뮤_다예쁨체.ttf */ = {isa = PBXFileReference; lastKnownFileType = file; path = "오뮤_다예쁨체.ttf"; sourceTree = "<group>"; };
		80354F142A3EE3B700412C73 /* Database.swift */ = {isa = PBXFileReference; lastKnownFileType = sourcecode.swift; path = Database.swift; sourceTree = "<group>"; };
		80354F162A3EF7B400412C73 /* user defaults.md */ = {isa = PBXFileReference; lastKnownFileType = net.daringfireball.markdown; path = "user defaults.md"; sourceTree = "<group>"; };
		B192CBBC8EFADB5D77DD3199 /* Pods_Moody.framework */ = {isa = PBXFileReference; explicitFileType = wrapper.framework; includeInIndex = 0; path = Pods_Moody.framework; sourceTree = BUILT_PRODUCTS_DIR; };
		E16FAD873342E95C6777C29B /* Pods-Moody.release.xcconfig */ = {isa = PBXFileReference; includeInIndex = 1; lastKnownFileType = text.xcconfig; name = "Pods-Moody.release.xcconfig"; path = "Target Support Files/Pods-Moody/Pods-Moody.release.xcconfig"; sourceTree = "<group>"; };
/* End PBXFileReference section */

/* Begin PBXFrameworksBuildPhase section */
		80354EE12A3B206A00412C73 /* Frameworks */ = {
			isa = PBXFrameworksBuildPhase;
			buildActionMask = 2147483647;
			files = (
				D5B21207D1455055F968CD2B /* Pods_Moody.framework in Frameworks */,
			);
			runOnlyForDeploymentPostprocessing = 0;
		};
/* End PBXFrameworksBuildPhase section */

/* Begin PBXGroup section */
		80354EDB2A3B206A00412C73 = {
			isa = PBXGroup;
			children = (
				80354EE62A3B206A00412C73 /* Moody */,
				80354EE52A3B206A00412C73 /* Products */,
				F21C80CDD2E90E1D04D8ECDF /* Pods */,
				F5E60CD3BA765F62C95FEB80 /* Frameworks */,
			);
			sourceTree = "<group>";
		};
		80354EE52A3B206A00412C73 /* Products */ = {
			isa = PBXGroup;
			children = (
				80354EE42A3B206A00412C73 /* Moody.app */,
			);
			name = Products;
			sourceTree = "<group>";
		};
		80354EE62A3B206A00412C73 /* Moody */ = {
			isa = PBXGroup;
			children = (
				80354F162A3EF7B400412C73 /* user defaults.md */,
				80354F142A3EE3B700412C73 /* Database.swift */,
				80354F062A3DA22600412C73 /* Font */,
				80354EFD2A3B270B00412C73 /* ViewController */,
				80354EE72A3B206A00412C73 /* AppDelegate.swift */,
				80354EE92A3B206A00412C73 /* SceneDelegate.swift */,
				80354EED2A3B206A00412C73 /* Main.storyboard */,
				80354EF02A3B206D00412C73 /* Assets.xcassets */,
				80354EF22A3B206D00412C73 /* LaunchScreen.storyboard */,
				80354EFB2A3B216B00412C73 /* GoogleService-Info.plist */,
				80354EF52A3B206D00412C73 /* Info.plist */,
			);
			path = Moody;
			sourceTree = "<group>";
		};
		80354EFD2A3B270B00412C73 /* ViewController */ = {
			isa = PBXGroup;
			children = (
				80354EEB2A3B206A00412C73 /* ViewController.swift */,
				80354F002A3B6DD200412C73 /* DiaryDetailViewController.swift */,
				80354F042A3CA1BC00412C73 /* StickerViewController.swift */,
				80354EFE2A3B298C00412C73 /* DateCell.swift */,
				80354F022A3C1B4B00412C73 /* StickerCell.swift */,
			);
			path = ViewController;
			sourceTree = "<group>";
		};
		80354F062A3DA22600412C73 /* Font */ = {
			isa = PBXGroup;
			children = (
				80354F122A3DAF9900412C73 /* 오뮤_다예쁨체.ttf */,
				80354F0F2A3DAC7F00412C73 /* Font-Regular.ttf */,
				80354F0D2A3DAA1A00412C73 /* GamjaFlower-Regular.ttf */,
				80354F072A3DA23700412C73 /* Dongle-Regular.ttf */,
				80354F092A3DA37900412C73 /* Font.swift */,
			);
			path = Font;
			sourceTree = "<group>";
		};
		F21C80CDD2E90E1D04D8ECDF /* Pods */ = {
			isa = PBXGroup;
			children = (
				0C3E0C100D2B1F57BC413E1F /* Pods-Moody.debug.xcconfig */,
				E16FAD873342E95C6777C29B /* Pods-Moody.release.xcconfig */,
			);
			path = Pods;
			sourceTree = "<group>";
		};
		F5E60CD3BA765F62C95FEB80 /* Frameworks */ = {
			isa = PBXGroup;
			children = (
				B192CBBC8EFADB5D77DD3199 /* Pods_Moody.framework */,
			);
			name = Frameworks;
			sourceTree = "<group>";
		};
/* End PBXGroup section */

/* Begin PBXNativeTarget section */
		80354EE32A3B206A00412C73 /* Moody */ = {
			isa = PBXNativeTarget;
			buildConfigurationList = 80354EF82A3B206D00412C73 /* Build configuration list for PBXNativeTarget "Moody" */;
			buildPhases = (
				0B588C4C1F8A4B7C66CF2A71 /* [CP] Check Pods Manifest.lock */,
				80354EE02A3B206A00412C73 /* Sources */,
				80354EE12A3B206A00412C73 /* Frameworks */,
				80354EE22A3B206A00412C73 /* Resources */,
				67265BA4634550802DA95E0E /* [CP] Embed Pods Frameworks */,
			);
			buildRules = (
			);
			dependencies = (
			);
			name = Moody;
			productName = Moody;
			productReference = 80354EE42A3B206A00412C73 /* Moody.app */;
			productType = "com.apple.product-type.application";
		};
/* End PBXNativeTarget section */

/* Begin PBXProject section */
		80354EDC2A3B206A00412C73 /* Project object */ = {
			isa = PBXProject;
			attributes = {
				BuildIndependentTargetsInParallel = 1;
				LastSwiftUpdateCheck = 1430;
				LastUpgradeCheck = 1430;
				TargetAttributes = {
					80354EE32A3B206A00412C73 = {
						CreatedOnToolsVersion = 14.3.1;
					};
				};
			};
			buildConfigurationList = 80354EDF2A3B206A00412C73 /* Build configuration list for PBXProject "Moody" */;
			compatibilityVersion = "Xcode 14.0";
			developmentRegion = en;
			hasScannedForEncodings = 0;
			knownRegions = (
				en,
				Base,
			);
			mainGroup = 80354EDB2A3B206A00412C73;
			productRefGroup = 80354EE52A3B206A00412C73 /* Products */;
			projectDirPath = "";
			projectRoot = "";
			targets = (
				80354EE32A3B206A00412C73 /* Moody */,
			);
		};
/* End PBXProject section */

/* Begin PBXResourcesBuildPhase section */
		80354EE22A3B206A00412C73 /* Resources */ = {
			isa = PBXResourcesBuildPhase;
			buildActionMask = 2147483647;
			files = (
				80354EF42A3B206D00412C73 /* LaunchScreen.storyboard in Resources */,
				80354F0E2A3DAA1C00412C73 /* GamjaFlower-Regular.ttf in Resources */,
				80354F082A3DA24000412C73 /* Dongle-Regular.ttf in Resources */,
				80354EFC2A3B216B00412C73 /* GoogleService-Info.plist in Resources */,
				80354EF12A3B206D00412C73 /* Assets.xcassets in Resources */,
				80354EEF2A3B206A00412C73 /* Main.storyboard in Resources */,
				80354F132A3DAF9900412C73 /* 오뮤_다예쁨체.ttf in Resources */,
				80354F112A3DAF8000412C73 /* Font-Regular.ttf in Resources */,
			);
			runOnlyForDeploymentPostprocessing = 0;
		};
/* End PBXResourcesBuildPhase section */

/* Begin PBXShellScriptBuildPhase section */
		0B588C4C1F8A4B7C66CF2A71 /* [CP] Check Pods Manifest.lock */ = {
			isa = PBXShellScriptBuildPhase;
			buildActionMask = 2147483647;
			files = (
			);
			inputFileListPaths = (
			);
			inputPaths = (
				"${PODS_PODFILE_DIR_PATH}/Podfile.lock",
				"${PODS_ROOT}/Manifest.lock",
			);
			name = "[CP] Check Pods Manifest.lock";
			outputFileListPaths = (
			);
			outputPaths = (
				"$(DERIVED_FILE_DIR)/Pods-Moody-checkManifestLockResult.txt",
			);
			runOnlyForDeploymentPostprocessing = 0;
			shellPath = /bin/sh;
			shellScript = "diff \"${PODS_PODFILE_DIR_PATH}/Podfile.lock\" \"${PODS_ROOT}/Manifest.lock\" > /dev/null\nif [ $? != 0 ] ; then\n    # print error to STDERR\n    echo \"error: The sandbox is not in sync with the Podfile.lock. Run 'pod install' or update your CocoaPods installation.\" >&2\n    exit 1\nfi\n# This output is used by Xcode 'outputs' to avoid re-running this script phase.\necho \"SUCCESS\" > \"${SCRIPT_OUTPUT_FILE_0}\"\n";
			showEnvVarsInLog = 0;
		};
		67265BA4634550802DA95E0E /* [CP] Embed Pods Frameworks */ = {
			isa = PBXShellScriptBuildPhase;
			buildActionMask = 2147483647;
			files = (
			);
			inputFileListPaths = (
				"${PODS_ROOT}/Target Support Files/Pods-Moody/Pods-Moody-frameworks-${CONFIGURATION}-input-files.xcfilelist",
			);
			name = "[CP] Embed Pods Frameworks";
			outputFileListPaths = (
				"${PODS_ROOT}/Target Support Files/Pods-Moody/Pods-Moody-frameworks-${CONFIGURATION}-output-files.xcfilelist",
			);
			runOnlyForDeploymentPostprocessing = 0;
			shellPath = /bin/sh;
			shellScript = "\"${PODS_ROOT}/Target Support Files/Pods-Moody/Pods-Moody-frameworks.sh\"\n";
			showEnvVarsInLog = 0;
		};
/* End PBXShellScriptBuildPhase section */

/* Begin PBXSourcesBuildPhase section */
		80354EE02A3B206A00412C73 /* Sources */ = {
			isa = PBXSourcesBuildPhase;
			buildActionMask = 2147483647;
			files = (
				80354EEC2A3B206A00412C73 /* ViewController.swift in Sources */,
				80354F032A3C1B4B00412C73 /* StickerCell.swift in Sources */,
				80354EE82A3B206A00412C73 /* AppDelegate.swift in Sources */,
				80354F052A3CA1BC00412C73 /* StickerViewController.swift in Sources */,
				80354F0A2A3DA37900412C73 /* Font.swift in Sources */,
				80354F012A3B6DD200412C73 /* DiaryDetailViewController.swift in Sources */,
				80354F152A3EE3B700412C73 /* Database.swift in Sources */,
				80354EEA2A3B206A00412C73 /* SceneDelegate.swift in Sources */,
				80354EFF2A3B298C00412C73 /* DateCell.swift in Sources */,
			);
			runOnlyForDeploymentPostprocessing = 0;
		};
/* End PBXSourcesBuildPhase section */

/* Begin PBXVariantGroup section */
		80354EED2A3B206A00412C73 /* Main.storyboard */ = {
			isa = PBXVariantGroup;
			children = (
				80354EEE2A3B206A00412C73 /* Base */,
			);
			name = Main.storyboard;
			sourceTree = "<group>";
		};
		80354EF22A3B206D00412C73 /* LaunchScreen.storyboard */ = {
			isa = PBXVariantGroup;
			children = (
				80354EF32A3B206D00412C73 /* Base */,
			);
			name = LaunchScreen.storyboard;
			sourceTree = "<group>";
		};
/* End PBXVariantGroup section */

/* Begin XCBuildConfiguration section */
		80354EF62A3B206D00412C73 /* Debug */ = {
			isa = XCBuildConfiguration;
			buildSettings = {
				ALWAYS_SEARCH_USER_PATHS = NO;
				CLANG_ANALYZER_NONNULL = YES;
				CLANG_ANALYZER_NUMBER_OBJECT_CONVERSION = YES_AGGRESSIVE;
				CLANG_CXX_LANGUAGE_STANDARD = "gnu++20";
				CLANG_ENABLE_MODULES = YES;
				CLANG_ENABLE_OBJC_ARC = YES;
				CLANG_ENABLE_OBJC_WEAK = YES;
				CLANG_WARN_BLOCK_CAPTURE_AUTORELEASING = YES;
				CLANG_WARN_BOOL_CONVERSION = YES;
				CLANG_WARN_COMMA = YES;
				CLANG_WARN_CONSTANT_CONVERSION = YES;
				CLANG_WARN_DEPRECATED_OBJC_IMPLEMENTATIONS = YES;
				CLANG_WARN_DIRECT_OBJC_ISA_USAGE = YES_ERROR;
				CLANG_WARN_DOCUMENTATION_COMMENTS = YES;
				CLANG_WARN_EMPTY_BODY = YES;
				CLANG_WARN_ENUM_CONVERSION = YES;
				CLANG_WARN_INFINITE_RECURSION = YES;
				CLANG_WARN_INT_CONVERSION = YES;
				CLANG_WARN_NON_LITERAL_NULL_CONVERSION = YES;
				CLANG_WARN_OBJC_IMPLICIT_RETAIN_SELF = YES;
				CLANG_WARN_OBJC_LITERAL_CONVERSION = YES;
				CLANG_WARN_OBJC_ROOT_CLASS = YES_ERROR;
				CLANG_WARN_QUOTED_INCLUDE_IN_FRAMEWORK_HEADER = YES;
				CLANG_WARN_RANGE_LOOP_ANALYSIS = YES;
				CLANG_WARN_STRICT_PROTOTYPES = YES;
				CLANG_WARN_SUSPICIOUS_MOVE = YES;
				CLANG_WARN_UNGUARDED_AVAILABILITY = YES_AGGRESSIVE;
				CLANG_WARN_UNREACHABLE_CODE = YES;
				CLANG_WARN__DUPLICATE_METHOD_MATCH = YES;
				COPY_PHASE_STRIP = NO;
				DEBUG_INFORMATION_FORMAT = dwarf;
				ENABLE_STRICT_OBJC_MSGSEND = YES;
				ENABLE_TESTABILITY = YES;
				GCC_C_LANGUAGE_STANDARD = gnu11;
				GCC_DYNAMIC_NO_PIC = NO;
				GCC_NO_COMMON_BLOCKS = YES;
				GCC_OPTIMIZATION_LEVEL = 0;
				GCC_PREPROCESSOR_DEFINITIONS = (
					"DEBUG=1",
					"$(inherited)",
				);
				GCC_WARN_64_TO_32_BIT_CONVERSION = YES;
				GCC_WARN_ABOUT_RETURN_TYPE = YES_ERROR;
				GCC_WARN_UNDECLARED_SELECTOR = YES;
				GCC_WARN_UNINITIALIZED_AUTOS = YES_AGGRESSIVE;
				GCC_WARN_UNUSED_FUNCTION = YES;
				GCC_WARN_UNUSED_VARIABLE = YES;
				IPHONEOS_DEPLOYMENT_TARGET = 16.4;
				MTL_ENABLE_DEBUG_INFO = INCLUDE_SOURCE;
				MTL_FAST_MATH = YES;
				ONLY_ACTIVE_ARCH = YES;
				SDKROOT = iphoneos;
				SWIFT_ACTIVE_COMPILATION_CONDITIONS = DEBUG;
				SWIFT_OPTIMIZATION_LEVEL = "-Onone";
			};
			name = Debug;
		};
		80354EF72A3B206D00412C73 /* Release */ = {
			isa = XCBuildConfiguration;
			buildSettings = {
				ALWAYS_SEARCH_USER_PATHS = NO;
				CLANG_ANALYZER_NONNULL = YES;
				CLANG_ANALYZER_NUMBER_OBJECT_CONVERSION = YES_AGGRESSIVE;
				CLANG_CXX_LANGUAGE_STANDARD = "gnu++20";
				CLANG_ENABLE_MODULES = YES;
				CLANG_ENABLE_OBJC_ARC = YES;
				CLANG_ENABLE_OBJC_WEAK = YES;
				CLANG_WARN_BLOCK_CAPTURE_AUTORELEASING = YES;
				CLANG_WARN_BOOL_CONVERSION = YES;
				CLANG_WARN_COMMA = YES;
				CLANG_WARN_CONSTANT_CONVERSION = YES;
				CLANG_WARN_DEPRECATED_OBJC_IMPLEMENTATIONS = YES;
				CLANG_WARN_DIRECT_OBJC_ISA_USAGE = YES_ERROR;
				CLANG_WARN_DOCUMENTATION_COMMENTS = YES;
				CLANG_WARN_EMPTY_BODY = YES;
				CLANG_WARN_ENUM_CONVERSION = YES;
				CLANG_WARN_INFINITE_RECURSION = YES;
				CLANG_WARN_INT_CONVERSION = YES;
				CLANG_WARN_NON_LITERAL_NULL_CONVERSION = YES;
				CLANG_WARN_OBJC_IMPLICIT_RETAIN_SELF = YES;
				CLANG_WARN_OBJC_LITERAL_CONVERSION = YES;
				CLANG_WARN_OBJC_ROOT_CLASS = YES_ERROR;
				CLANG_WARN_QUOTED_INCLUDE_IN_FRAMEWORK_HEADER = YES;
				CLANG_WARN_RANGE_LOOP_ANALYSIS = YES;
				CLANG_WARN_STRICT_PROTOTYPES = YES;
				CLANG_WARN_SUSPICIOUS_MOVE = YES;
				CLANG_WARN_UNGUARDED_AVAILABILITY = YES_AGGRESSIVE;
				CLANG_WARN_UNREACHABLE_CODE = YES;
				CLANG_WARN__DUPLICATE_METHOD_MATCH = YES;
				COPY_PHASE_STRIP = NO;
				DEBUG_INFORMATION_FORMAT = "dwarf-with-dsym";
				ENABLE_NS_ASSERTIONS = NO;
				ENABLE_STRICT_OBJC_MSGSEND = YES;
				GCC_C_LANGUAGE_STANDARD = gnu11;
				GCC_NO_COMMON_BLOCKS = YES;
				GCC_WARN_64_TO_32_BIT_CONVERSION = YES;
				GCC_WARN_ABOUT_RETURN_TYPE = YES_ERROR;
				GCC_WARN_UNDECLARED_SELECTOR = YES;
				GCC_WARN_UNINITIALIZED_AUTOS = YES_AGGRESSIVE;
				GCC_WARN_UNUSED_FUNCTION = YES;
				GCC_WARN_UNUSED_VARIABLE = YES;
				IPHONEOS_DEPLOYMENT_TARGET = 16.4;
				MTL_ENABLE_DEBUG_INFO = NO;
				MTL_FAST_MATH = YES;
				SDKROOT = iphoneos;
				SWIFT_COMPILATION_MODE = wholemodule;
				SWIFT_OPTIMIZATION_LEVEL = "-O";
				VALIDATE_PRODUCT = YES;
			};
			name = Release;
		};
		80354EF92A3B206D00412C73 /* Debug */ = {
			isa = XCBuildConfiguration;
			baseConfigurationReference = 0C3E0C100D2B1F57BC413E1F /* Pods-Moody.debug.xcconfig */;
			buildSettings = {
				ASSETCATALOG_COMPILER_APPICON_NAME = AppIcon;
				ASSETCATALOG_COMPILER_GLOBAL_ACCENT_COLOR_NAME = AccentColor;
				CODE_SIGN_STYLE = Automatic;
				CURRENT_PROJECT_VERSION = 1;
				DEVELOPMENT_TEAM = HK9U3ZG9M5;
				GENERATE_INFOPLIST_FILE = YES;
				INFOPLIST_FILE = Moody/Info.plist;
				INFOPLIST_KEY_UIApplicationSupportsIndirectInputEvents = YES;
				INFOPLIST_KEY_UILaunchStoryboardName = LaunchScreen;
				INFOPLIST_KEY_UIMainStoryboardFile = Main;
				INFOPLIST_KEY_UISupportedInterfaceOrientations_iPad = "UIInterfaceOrientationPortrait UIInterfaceOrientationPortraitUpsideDown UIInterfaceOrientationLandscapeLeft UIInterfaceOrientationLandscapeRight";
				INFOPLIST_KEY_UISupportedInterfaceOrientations_iPhone = "UIInterfaceOrientationPortrait UIInterfaceOrientationLandscapeLeft UIInterfaceOrientationLandscapeRight";
				LD_RUNPATH_SEARCH_PATHS = (
					"$(inherited)",
					"@executable_path/Frameworks",
				);
				MARKETING_VERSION = 1.0;
				PRODUCT_BUNDLE_IDENTIFIER = febby.Moody;
				PRODUCT_NAME = "$(TARGET_NAME)";
				SWIFT_EMIT_LOC_STRINGS = YES;
				SWIFT_VERSION = 5.0;
				TARGETED_DEVICE_FAMILY = "1,2";
			};
			name = Debug;
		};
		80354EFA2A3B206D00412C73 /* Release */ = {
			isa = XCBuildConfiguration;
			baseConfigurationReference = E16FAD873342E95C6777C29B /* Pods-Moody.release.xcconfig */;
			buildSettings = {
				ASSETCATALOG_COMPILER_APPICON_NAME = AppIcon;
				ASSETCATALOG_COMPILER_GLOBAL_ACCENT_COLOR_NAME = AccentColor;
				CODE_SIGN_STYLE = Automatic;
				CURRENT_PROJECT_VERSION = 1;
				DEVELOPMENT_TEAM = HK9U3ZG9M5;
				GENERATE_INFOPLIST_FILE = YES;
				INFOPLIST_FILE = Moody/Info.plist;
				INFOPLIST_KEY_UIApplicationSupportsIndirectInputEvents = YES;
				INFOPLIST_KEY_UILaunchStoryboardName = LaunchScreen;
				INFOPLIST_KEY_UIMainStoryboardFile = Main;
				INFOPLIST_KEY_UISupportedInterfaceOrientations_iPad = "UIInterfaceOrientationPortrait UIInterfaceOrientationPortraitUpsideDown UIInterfaceOrientationLandscapeLeft UIInterfaceOrientationLandscapeRight";
				INFOPLIST_KEY_UISupportedInterfaceOrientations_iPhone = "UIInterfaceOrientationPortrait UIInterfaceOrientationLandscapeLeft UIInterfaceOrientationLandscapeRight";
				LD_RUNPATH_SEARCH_PATHS = (
					"$(inherited)",
					"@executable_path/Frameworks",
				);
				MARKETING_VERSION = 1.0;
				PRODUCT_BUNDLE_IDENTIFIER = febby.Moody;
				PRODUCT_NAME = "$(TARGET_NAME)";
				SWIFT_EMIT_LOC_STRINGS = YES;
				SWIFT_VERSION = 5.0;
				TARGETED_DEVICE_FAMILY = "1,2";
			};
			name = Release;
		};
/* End XCBuildConfiguration section */

/* Begin XCConfigurationList section */
		80354EDF2A3B206A00412C73 /* Build configuration list for PBXProject "Moody" */ = {
			isa = XCConfigurationList;
			buildConfigurations = (
				80354EF62A3B206D00412C73 /* Debug */,
				80354EF72A3B206D00412C73 /* Release */,
			);
			defaultConfigurationIsVisible = 0;
			defaultConfigurationName = Release;
		};
		80354EF82A3B206D00412C73 /* Build configuration list for PBXNativeTarget "Moody" */ = {
			isa = XCConfigurationList;
			buildConfigurations = (
				80354EF92A3B206D00412C73 /* Debug */,
				80354EFA2A3B206D00412C73 /* Release */,
			);
			defaultConfigurationIsVisible = 0;
			defaultConfigurationName = Release;
		};
/* End XCConfigurationList section */
	};
	rootObject = 80354EDC2A3B206A00412C73 /* Project object */;
}
