// !$*UTF8*$!
{
	archiveVersion = 1;
	classes = {
	};
	objectVersion = 56;
	objects = {

/* Begin PBXBuildFile section */
		800C8C6E2A48450500BE512E /* GraphViewController.swift in Sources */ = {isa = PBXBuildFile; fileRef = 800C8C6D2A48450400BE512E /* GraphViewController.swift */; };
		800C8C702A4A83E800BE512E /* SelectCalendarViewController.swift in Sources */ = {isa = PBXBuildFile; fileRef = 800C8C6F2A4A83E800BE512E /* SelectCalendarViewController.swift */; };
		800C8C742A4ADC9600BE512E /* SettingViewController.swift in Sources */ = {isa = PBXBuildFile; fileRef = 800C8C732A4ADC9600BE512E /* SettingViewController.swift */; };
		800C8C762A4AF02500BE512E /* DatePickerViewController.swift in Sources */ = {isa = PBXBuildFile; fileRef = 800C8C752A4AF02500BE512E /* DatePickerViewController.swift */; };
		800C8C782A4C2A6800BE512E /* PasswordViewController.swift in Sources */ = {isa = PBXBuildFile; fileRef = 800C8C772A4C2A6800BE512E /* PasswordViewController.swift */; };
		800F84E12A59336A004A5D01 /* AccountConnectViewController.swift in Sources */ = {isa = PBXBuildFile; fileRef = 800F84E02A59336A004A5D01 /* AccountConnectViewController.swift */; };
		801A16222A739032009BA246 /* Font-Regular.ttf in Resources */ = {isa = PBXBuildFile; fileRef = 801A161F2A738F00009BA246 /* Font-Regular.ttf */; };
		801A16232A739032009BA246 /* Font-Regular.ttf in Resources */ = {isa = PBXBuildFile; fileRef = 801A161F2A738F00009BA246 /* Font-Regular.ttf */; };
		801A16242A739035009BA246 /* Dosis-VariableFont_wght.ttf in Resources */ = {isa = PBXBuildFile; fileRef = 801A161E2A738ECF009BA246 /* Dosis-VariableFont_wght.ttf */; };
		801A16252A739035009BA246 /* Dosis-VariableFont_wght.ttf in Resources */ = {isa = PBXBuildFile; fileRef = 801A161E2A738ECF009BA246 /* Dosis-VariableFont_wght.ttf */; };
		8022919E2A6BB6870020CE86 /* LaunchScreen.storyboard in Resources */ = {isa = PBXBuildFile; fileRef = 8022919D2A6BB6870020CE86 /* LaunchScreen.storyboard */; };
		802291A52A6D03680020CE86 /* SubscriptionViewController.swift in Sources */ = {isa = PBXBuildFile; fileRef = 802291A42A6D03680020CE86 /* SubscriptionViewController.swift */; };
		80255CCD2AA5AD4800330063 /* Assets.xcassets in Resources */ = {isa = PBXBuildFile; fileRef = 80354EF02A3B206D00412C73 /* Assets.xcassets */; };
		802CB2E22A515BFA00509957 /* Localizable.strings in Resources */ = {isa = PBXBuildFile; fileRef = 802CB2E42A515BFA00509957 /* Localizable.strings */; };
		802CB2ED2A51697600509957 /* LanguageViewController.swift in Sources */ = {isa = PBXBuildFile; fileRef = 802CB2EC2A51697600509957 /* LanguageViewController.swift */; };
		802E92442A4DC06500A25A23 /* PasswordSettingsViewController.swift in Sources */ = {isa = PBXBuildFile; fileRef = 802E92432A4DC06500A25A23 /* PasswordSettingsViewController.swift */; };
		80343F1B2A716E5B002B8FBA /* GoogleService-Info.plist in Resources */ = {isa = PBXBuildFile; fileRef = 80343F1A2A716E5B002B8FBA /* GoogleService-Info.plist */; };
		80354EE82A3B206A00412C73 /* AppDelegate.swift in Sources */ = {isa = PBXBuildFile; fileRef = 80354EE72A3B206A00412C73 /* AppDelegate.swift */; };
		80354EEA2A3B206A00412C73 /* SceneDelegate.swift in Sources */ = {isa = PBXBuildFile; fileRef = 80354EE92A3B206A00412C73 /* SceneDelegate.swift */; };
		80354EEC2A3B206A00412C73 /* ViewController.swift in Sources */ = {isa = PBXBuildFile; fileRef = 80354EEB2A3B206A00412C73 /* ViewController.swift */; };
		80354EEF2A3B206A00412C73 /* Main.storyboard in Resources */ = {isa = PBXBuildFile; fileRef = 80354EED2A3B206A00412C73 /* Main.storyboard */; };
		80354EF12A3B206D00412C73 /* Assets.xcassets in Resources */ = {isa = PBXBuildFile; fileRef = 80354EF02A3B206D00412C73 /* Assets.xcassets */; };
		80354EFF2A3B298C00412C73 /* DateCell.swift in Sources */ = {isa = PBXBuildFile; fileRef = 80354EFE2A3B298C00412C73 /* DateCell.swift */; };
		80354F012A3B6DD200412C73 /* DiaryDetailViewController.swift in Sources */ = {isa = PBXBuildFile; fileRef = 80354F002A3B6DD200412C73 /* DiaryDetailViewController.swift */; };
		80354F032A3C1B4B00412C73 /* StickerCell.swift in Sources */ = {isa = PBXBuildFile; fileRef = 80354F022A3C1B4B00412C73 /* StickerCell.swift */; };
		80354F052A3CA1BC00412C73 /* StickerViewController.swift in Sources */ = {isa = PBXBuildFile; fileRef = 80354F042A3CA1BC00412C73 /* StickerViewController.swift */; };
		80354F0A2A3DA37900412C73 /* Font.swift in Sources */ = {isa = PBXBuildFile; fileRef = 80354F092A3DA37900412C73 /* Font.swift */; };
		80354F152A3EE3B700412C73 /* Database.swift in Sources */ = {isa = PBXBuildFile; fileRef = 80354F142A3EE3B700412C73 /* Database.swift */; };
		80354F192A416B1400412C73 /* DiaryModel.swift in Sources */ = {isa = PBXBuildFile; fileRef = 80354F182A416B1400412C73 /* DiaryModel.swift */; };
		80354F1B2A4456EE00412C73 /* MainStickers.swift in Sources */ = {isa = PBXBuildFile; fileRef = 80354F1A2A4456EE00412C73 /* MainStickers.swift */; };
		80354F1D2A447B0300412C73 /* DiaryListViewController.swift in Sources */ = {isa = PBXBuildFile; fileRef = 80354F1C2A447B0300412C73 /* DiaryListViewController.swift */; };
		80354F232A44841F00412C73 /* DiaryListCell.swift in Sources */ = {isa = PBXBuildFile; fileRef = 80354F222A44841F00412C73 /* DiaryListCell.swift */; };
		8063CC872A6D51EB0050AD39 /* StoreKit.framework in Frameworks */ = {isa = PBXBuildFile; fileRef = 8063CC862A6D51EA0050AD39 /* StoreKit.framework */; };
		80B23E4D2A52A82D007AECEF /* LanguageManager.swift in Sources */ = {isa = PBXBuildFile; fileRef = 80B23E4C2A52A82D007AECEF /* LanguageManager.swift */; };
		80CE8AF32A7B86E4003DE318 /* ViewViewModel.swift in Sources */ = {isa = PBXBuildFile; fileRef = 80CE8AF22A7B86E4003DE318 /* ViewViewModel.swift */; };
		80CE8AF52A7B8C83003DE318 /* DateFormatModel.swift in Sources */ = {isa = PBXBuildFile; fileRef = 80CE8AF42A7B8C83003DE318 /* DateFormatModel.swift */; };
		80D456622A6D166300B4ABD0 /* subscription.swift in Sources */ = {isa = PBXBuildFile; fileRef = 80D456612A6D166300B4ABD0 /* subscription.swift */; };
		80D965B82A63EFDD00B8394A /* WidgetKit.framework in Frameworks */ = {isa = PBXBuildFile; fileRef = 80D965B72A63EFDD00B8394A /* WidgetKit.framework */; };
		80D965BA2A63EFDD00B8394A /* SwiftUI.framework in Frameworks */ = {isa = PBXBuildFile; fileRef = 80D965B92A63EFDD00B8394A /* SwiftUI.framework */; };
		80D965BD2A63EFDD00B8394A /* DayWidgetBundle.swift in Sources */ = {isa = PBXBuildFile; fileRef = 80D965BC2A63EFDD00B8394A /* DayWidgetBundle.swift */; };
		80D965BF2A63EFDD00B8394A /* DayWidget.swift in Sources */ = {isa = PBXBuildFile; fileRef = 80D965BE2A63EFDD00B8394A /* DayWidget.swift */; };
		80D965C22A63EFE100B8394A /* Assets.xcassets in Resources */ = {isa = PBXBuildFile; fileRef = 80D965C12A63EFE100B8394A /* Assets.xcassets */; };
		80D965C42A63EFE100B8394A /* DayWidget.intentdefinition in Sources */ = {isa = PBXBuildFile; fileRef = 80D965C02A63EFDE00B8394A /* DayWidget.intentdefinition */; };
		80D965C52A63EFE100B8394A /* DayWidget.intentdefinition in Sources */ = {isa = PBXBuildFile; fileRef = 80D965C02A63EFDE00B8394A /* DayWidget.intentdefinition */; };
		80D965C82A63EFE100B8394A /* DayWidgetExtension.appex in Embed Foundation Extensions */ = {isa = PBXBuildFile; fileRef = 80D965B62A63EFDD00B8394A /* DayWidgetExtension.appex */; settings = {ATTRIBUTES = (RemoveHeadersOnCopy, ); }; };
		80D965CD2A63F4BC00B8394A /* Localizable.strings in Resources */ = {isa = PBXBuildFile; fileRef = 802CB2E42A515BFA00509957 /* Localizable.strings */; };
		D5B21207D1455055F968CD2B /* Pods_Moody.framework in Frameworks */ = {isa = PBXBuildFile; fileRef = B192CBBC8EFADB5D77DD3199 /* Pods_Moody.framework */; };
/* End PBXBuildFile section */

/* Begin PBXContainerItemProxy section */
		80D965C62A63EFE100B8394A /* PBXContainerItemProxy */ = {
			isa = PBXContainerItemProxy;
			containerPortal = 80354EDC2A3B206A00412C73 /* Project object */;
			proxyType = 1;
			remoteGlobalIDString = 80D965B52A63EFDD00B8394A;
			remoteInfo = DayWidgetExtension;
		};
/* End PBXContainerItemProxy section */

/* Begin PBXCopyFilesBuildPhase section */
		80D965C92A63EFE100B8394A /* Embed Foundation Extensions */ = {
			isa = PBXCopyFilesBuildPhase;
			buildActionMask = 2147483647;
			dstPath = "";
			dstSubfolderSpec = 13;
			files = (
				80D965C82A63EFE100B8394A /* DayWidgetExtension.appex in Embed Foundation Extensions */,
			);
			name = "Embed Foundation Extensions";
			runOnlyForDeploymentPostprocessing = 0;
		};
/* End PBXCopyFilesBuildPhase section */

/* Begin PBXFileReference section */
		0C3E0C100D2B1F57BC413E1F /* Pods-Moody.debug.xcconfig */ = {isa = PBXFileReference; includeInIndex = 1; lastKnownFileType = text.xcconfig; name = "Pods-Moody.debug.xcconfig"; path = "Target Support Files/Pods-Moody/Pods-Moody.debug.xcconfig"; sourceTree = "<group>"; };
		800C8C6D2A48450400BE512E /* GraphViewController.swift */ = {isa = PBXFileReference; lastKnownFileType = sourcecode.swift; path = GraphViewController.swift; sourceTree = "<group>"; };
		800C8C6F2A4A83E800BE512E /* SelectCalendarViewController.swift */ = {isa = PBXFileReference; lastKnownFileType = sourcecode.swift; path = SelectCalendarViewController.swift; sourceTree = "<group>"; };
		800C8C732A4ADC9600BE512E /* SettingViewController.swift */ = {isa = PBXFileReference; lastKnownFileType = sourcecode.swift; path = SettingViewController.swift; sourceTree = "<group>"; };
		800C8C752A4AF02500BE512E /* DatePickerViewController.swift */ = {isa = PBXFileReference; lastKnownFileType = sourcecode.swift; path = DatePickerViewController.swift; sourceTree = "<group>"; };
		800C8C772A4C2A6800BE512E /* PasswordViewController.swift */ = {isa = PBXFileReference; lastKnownFileType = sourcecode.swift; path = PasswordViewController.swift; sourceTree = "<group>"; };
		800F84E02A59336A004A5D01 /* AccountConnectViewController.swift */ = {isa = PBXFileReference; lastKnownFileType = sourcecode.swift; path = AccountConnectViewController.swift; sourceTree = "<group>"; };
		801A161E2A738ECF009BA246 /* Dosis-VariableFont_wght.ttf */ = {isa = PBXFileReference; lastKnownFileType = file; path = "Dosis-VariableFont_wght.ttf"; sourceTree = "<group>"; };
		801A161F2A738F00009BA246 /* Font-Regular.ttf */ = {isa = PBXFileReference; lastKnownFileType = file; path = "Font-Regular.ttf"; sourceTree = "<group>"; };
		8022919D2A6BB6870020CE86 /* LaunchScreen.storyboard */ = {isa = PBXFileReference; lastKnownFileType = file.storyboard; path = LaunchScreen.storyboard; sourceTree = "<group>"; };
		8022919F2A6BF1E00020CE86 /* Base */ = {isa = PBXFileReference; lastKnownFileType = file.storyboard; name = Base; path = Base.lproj/Main.storyboard; sourceTree = "<group>"; };
		802291A02A6BF2090020CE86 /* en */ = {isa = PBXFileReference; lastKnownFileType = text.plist.strings; name = en; path = en.lproj/Main.strings; sourceTree = "<group>"; };
		802291A12A6BF22B0020CE86 /* en */ = {isa = PBXFileReference; lastKnownFileType = text.plist.strings; name = en; path = en.lproj/Localizable.strings; sourceTree = "<group>"; };
		802291A22A6BF24A0020CE86 /* id */ = {isa = PBXFileReference; lastKnownFileType = text.plist.strings; name = id; path = id.lproj/Main.strings; sourceTree = "<group>"; };
		802291A32A6BF2840020CE86 /* id */ = {isa = PBXFileReference; lastKnownFileType = text.plist.strings; name = id; path = id.lproj/Localizable.strings; sourceTree = "<group>"; };
		802291A42A6D03680020CE86 /* SubscriptionViewController.swift */ = {isa = PBXFileReference; lastKnownFileType = sourcecode.swift; path = SubscriptionViewController.swift; sourceTree = "<group>"; };
		802CB2EA2A51660B00509957 /* ko */ = {isa = PBXFileReference; lastKnownFileType = text.plist.strings; name = ko; path = ko.lproj/Localizable.strings; sourceTree = "<group>"; };
		802CB2EC2A51697600509957 /* LanguageViewController.swift */ = {isa = PBXFileReference; lastKnownFileType = sourcecode.swift; path = LanguageViewController.swift; sourceTree = "<group>"; };
		802E92432A4DC06500A25A23 /* PasswordSettingsViewController.swift */ = {isa = PBXFileReference; lastKnownFileType = sourcecode.swift; path = PasswordSettingsViewController.swift; sourceTree = "<group>"; };
		80343F1A2A716E5B002B8FBA /* GoogleService-Info.plist */ = {isa = PBXFileReference; fileEncoding = 4; lastKnownFileType = text.plist.xml; path = "GoogleService-Info.plist"; sourceTree = "<group>"; };
		80354EE42A3B206A00412C73 /* Moody.app */ = {isa = PBXFileReference; explicitFileType = wrapper.application; includeInIndex = 0; path = Moody.app; sourceTree = BUILT_PRODUCTS_DIR; };
		80354EE72A3B206A00412C73 /* AppDelegate.swift */ = {isa = PBXFileReference; lastKnownFileType = sourcecode.swift; path = AppDelegate.swift; sourceTree = "<group>"; };
		80354EE92A3B206A00412C73 /* SceneDelegate.swift */ = {isa = PBXFileReference; lastKnownFileType = sourcecode.swift; path = SceneDelegate.swift; sourceTree = "<group>"; };
		80354EEB2A3B206A00412C73 /* ViewController.swift */ = {isa = PBXFileReference; lastKnownFileType = sourcecode.swift; path = ViewController.swift; sourceTree = "<group>"; };
		80354EF02A3B206D00412C73 /* Assets.xcassets */ = {isa = PBXFileReference; lastKnownFileType = folder.assetcatalog; path = Assets.xcassets; sourceTree = "<group>"; };
		80354EF52A3B206D00412C73 /* Info.plist */ = {isa = PBXFileReference; lastKnownFileType = text.plist.xml; path = Info.plist; sourceTree = "<group>"; };
		80354EFE2A3B298C00412C73 /* DateCell.swift */ = {isa = PBXFileReference; lastKnownFileType = sourcecode.swift; path = DateCell.swift; sourceTree = "<group>"; };
		80354F002A3B6DD200412C73 /* DiaryDetailViewController.swift */ = {isa = PBXFileReference; lastKnownFileType = sourcecode.swift; path = DiaryDetailViewController.swift; sourceTree = "<group>"; };
		80354F022A3C1B4B00412C73 /* StickerCell.swift */ = {isa = PBXFileReference; lastKnownFileType = sourcecode.swift; path = StickerCell.swift; sourceTree = "<group>"; };
		80354F042A3CA1BC00412C73 /* StickerViewController.swift */ = {isa = PBXFileReference; lastKnownFileType = sourcecode.swift; path = StickerViewController.swift; sourceTree = "<group>"; };
		80354F092A3DA37900412C73 /* Font.swift */ = {isa = PBXFileReference; lastKnownFileType = sourcecode.swift; path = Font.swift; sourceTree = "<group>"; };
		80354F142A3EE3B700412C73 /* Database.swift */ = {isa = PBXFileReference; lastKnownFileType = sourcecode.swift; path = Database.swift; sourceTree = "<group>"; };
		80354F162A3EF7B400412C73 /* user defaults.md */ = {isa = PBXFileReference; lastKnownFileType = net.daringfireball.markdown; path = "user defaults.md"; sourceTree = "<group>"; };
		80354F182A416B1400412C73 /* DiaryModel.swift */ = {isa = PBXFileReference; lastKnownFileType = sourcecode.swift; path = DiaryModel.swift; sourceTree = "<group>"; };
		80354F1A2A4456EE00412C73 /* MainStickers.swift */ = {isa = PBXFileReference; lastKnownFileType = sourcecode.swift; path = MainStickers.swift; sourceTree = "<group>"; };
		80354F1C2A447B0300412C73 /* DiaryListViewController.swift */ = {isa = PBXFileReference; lastKnownFileType = sourcecode.swift; path = DiaryListViewController.swift; sourceTree = "<group>"; };
		80354F222A44841F00412C73 /* DiaryListCell.swift */ = {isa = PBXFileReference; lastKnownFileType = sourcecode.swift; path = DiaryListCell.swift; sourceTree = "<group>"; };
		8063CC862A6D51EA0050AD39 /* StoreKit.framework */ = {isa = PBXFileReference; lastKnownFileType = wrapper.framework; name = StoreKit.framework; path = System/Library/Frameworks/StoreKit.framework; sourceTree = SDKROOT; };
		80B23E4C2A52A82D007AECEF /* LanguageManager.swift */ = {isa = PBXFileReference; lastKnownFileType = sourcecode.swift; path = LanguageManager.swift; sourceTree = "<group>"; };
		80CE8AF22A7B86E4003DE318 /* ViewViewModel.swift */ = {isa = PBXFileReference; lastKnownFileType = sourcecode.swift; path = ViewViewModel.swift; sourceTree = "<group>"; };
		80CE8AF42A7B8C83003DE318 /* DateFormatModel.swift */ = {isa = PBXFileReference; lastKnownFileType = sourcecode.swift; path = DateFormatModel.swift; sourceTree = "<group>"; };
		80D456612A6D166300B4ABD0 /* subscription.swift */ = {isa = PBXFileReference; lastKnownFileType = sourcecode.swift; path = subscription.swift; sourceTree = "<group>"; };
		80D456632A6D19BB00B4ABD0 /* configuration.storekit */ = {isa = PBXFileReference; lastKnownFileType = text; path = configuration.storekit; sourceTree = "<group>"; };
		80D965B62A63EFDD00B8394A /* DayWidgetExtension.appex */ = {isa = PBXFileReference; explicitFileType = "wrapper.app-extension"; includeInIndex = 0; path = DayWidgetExtension.appex; sourceTree = BUILT_PRODUCTS_DIR; };
		80D965B72A63EFDD00B8394A /* WidgetKit.framework */ = {isa = PBXFileReference; lastKnownFileType = wrapper.framework; name = WidgetKit.framework; path = System/Library/Frameworks/WidgetKit.framework; sourceTree = SDKROOT; };
		80D965B92A63EFDD00B8394A /* SwiftUI.framework */ = {isa = PBXFileReference; lastKnownFileType = wrapper.framework; name = SwiftUI.framework; path = System/Library/Frameworks/SwiftUI.framework; sourceTree = SDKROOT; };
		80D965BC2A63EFDD00B8394A /* DayWidgetBundle.swift */ = {isa = PBXFileReference; lastKnownFileType = sourcecode.swift; path = DayWidgetBundle.swift; sourceTree = "<group>"; };
		80D965BE2A63EFDD00B8394A /* DayWidget.swift */ = {isa = PBXFileReference; lastKnownFileType = sourcecode.swift; path = DayWidget.swift; sourceTree = "<group>"; };
		80D965C02A63EFDE00B8394A /* DayWidget.intentdefinition */ = {isa = PBXFileReference; lastKnownFileType = file.intentdefinition; path = DayWidget.intentdefinition; sourceTree = "<group>"; };
		80D965C12A63EFE100B8394A /* Assets.xcassets */ = {isa = PBXFileReference; lastKnownFileType = folder.assetcatalog; path = Assets.xcassets; sourceTree = "<group>"; };
		80D965C32A63EFE100B8394A /* Info.plist */ = {isa = PBXFileReference; lastKnownFileType = text.plist.xml; path = Info.plist; sourceTree = "<group>"; };
		80D965D02A64437000B8394A /* Moody.entitlements */ = {isa = PBXFileReference; lastKnownFileType = text.plist.entitlements; path = Moody.entitlements; sourceTree = "<group>"; };
		80D965D12A64438800B8394A /* DayWidgetExtension.entitlements */ = {isa = PBXFileReference; lastKnownFileType = text.plist.entitlements; path = DayWidgetExtension.entitlements; sourceTree = "<group>"; };
		B192CBBC8EFADB5D77DD3199 /* Pods_Moody.framework */ = {isa = PBXFileReference; explicitFileType = wrapper.framework; includeInIndex = 0; path = Pods_Moody.framework; sourceTree = BUILT_PRODUCTS_DIR; };
		E16FAD873342E95C6777C29B /* Pods-Moody.release.xcconfig */ = {isa = PBXFileReference; includeInIndex = 1; lastKnownFileType = text.xcconfig; name = "Pods-Moody.release.xcconfig"; path = "Target Support Files/Pods-Moody/Pods-Moody.release.xcconfig"; sourceTree = "<group>"; };
/* End PBXFileReference section */

/* Begin PBXFrameworksBuildPhase section */
		80354EE12A3B206A00412C73 /* Frameworks */ = {
			isa = PBXFrameworksBuildPhase;
			buildActionMask = 2147483647;
			files = (
				D5B21207D1455055F968CD2B /* Pods_Moody.framework in Frameworks */,
				8063CC872A6D51EB0050AD39 /* StoreKit.framework in Frameworks */,
			);
			runOnlyForDeploymentPostprocessing = 0;
		};
		80D965B32A63EFDD00B8394A /* Frameworks */ = {
			isa = PBXFrameworksBuildPhase;
			buildActionMask = 2147483647;
			files = (
				80D965BA2A63EFDD00B8394A /* SwiftUI.framework in Frameworks */,
				80D965B82A63EFDD00B8394A /* WidgetKit.framework in Frameworks */,
			);
			runOnlyForDeploymentPostprocessing = 0;
		};
/* End PBXFrameworksBuildPhase section */

/* Begin PBXGroup section */
		800C8C792A4C2D6000BE512E /* Cell */ = {
			isa = PBXGroup;
			children = (
				80354EFE2A3B298C00412C73 /* DateCell.swift */,
				80354F022A3C1B4B00412C73 /* StickerCell.swift */,
				80354F222A44841F00412C73 /* DiaryListCell.swift */,
			);
			path = Cell;
			sourceTree = "<group>";
		};
		802E92422A4DC04900A25A23 /* Settings */ = {
			isa = PBXGroup;
			children = (
				800C8C752A4AF02500BE512E /* DatePickerViewController.swift */,
				802E92432A4DC06500A25A23 /* PasswordSettingsViewController.swift */,
				802CB2EC2A51697600509957 /* LanguageViewController.swift */,
				800F84E02A59336A004A5D01 /* AccountConnectViewController.swift */,
				802291A42A6D03680020CE86 /* SubscriptionViewController.swift */,
				80D456632A6D19BB00B4ABD0 /* configuration.storekit */,
			);
			path = Settings;
			sourceTree = "<group>";
		};
		80354EDB2A3B206A00412C73 = {
			isa = PBXGroup;
			children = (
				80D965D12A64438800B8394A /* DayWidgetExtension.entitlements */,
				80354EE62A3B206A00412C73 /* Moody */,
				80D965BB2A63EFDD00B8394A /* DayWidget */,
				80354EE52A3B206A00412C73 /* Products */,
				F21C80CDD2E90E1D04D8ECDF /* Pods */,
				F5E60CD3BA765F62C95FEB80 /* Frameworks */,
			);
			sourceTree = "<group>";
		};
		80354EE52A3B206A00412C73 /* Products */ = {
			isa = PBXGroup;
			children = (
				80354EE42A3B206A00412C73 /* Moody.app */,
				80D965B62A63EFDD00B8394A /* DayWidgetExtension.appex */,
			);
			name = Products;
			sourceTree = "<group>";
		};
		80354EE62A3B206A00412C73 /* Moody */ = {
			isa = PBXGroup;
			children = (
				80D965D02A64437000B8394A /* Moody.entitlements */,
				80354F162A3EF7B400412C73 /* user defaults.md */,
				80354EE72A3B206A00412C73 /* AppDelegate.swift */,
				80354EE92A3B206A00412C73 /* SceneDelegate.swift */,
				80354F142A3EE3B700412C73 /* Database.swift */,
				80B23E4C2A52A82D007AECEF /* LanguageManager.swift */,
				80354F172A416B0000412C73 /* Model */,
				80354F062A3DA22600412C73 /* Font */,
				80CE8AF12A7B86C2003DE318 /* ViewModel */,
				80354EFD2A3B270B00412C73 /* ViewController */,
				80354EED2A3B206A00412C73 /* Main.storyboard */,
				8022919D2A6BB6870020CE86 /* LaunchScreen.storyboard */,
				802CB2E42A515BFA00509957 /* Localizable.strings */,
				80354EF02A3B206D00412C73 /* Assets.xcassets */,
				80343F1A2A716E5B002B8FBA /* GoogleService-Info.plist */,
				80354EF52A3B206D00412C73 /* Info.plist */,
			);
			path = Moody;
			sourceTree = "<group>";
		};
		80354EFD2A3B270B00412C73 /* ViewController */ = {
			isa = PBXGroup;
			children = (
				80354EEB2A3B206A00412C73 /* ViewController.swift */,
				80354F002A3B6DD200412C73 /* DiaryDetailViewController.swift */,
				80354F042A3CA1BC00412C73 /* StickerViewController.swift */,
				80354F1C2A447B0300412C73 /* DiaryListViewController.swift */,
				800C8C6D2A48450400BE512E /* GraphViewController.swift */,
				800C8C6F2A4A83E800BE512E /* SelectCalendarViewController.swift */,
				800C8C772A4C2A6800BE512E /* PasswordViewController.swift */,
				800C8C732A4ADC9600BE512E /* SettingViewController.swift */,
				802E92422A4DC04900A25A23 /* Settings */,
				800C8C792A4C2D6000BE512E /* Cell */,
			);
			path = ViewController;
			sourceTree = "<group>";
		};
		80354F062A3DA22600412C73 /* Font */ = {
			isa = PBXGroup;
			children = (
				801A161E2A738ECF009BA246 /* Dosis-VariableFont_wght.ttf */,
				801A161F2A738F00009BA246 /* Font-Regular.ttf */,
				80354F092A3DA37900412C73 /* Font.swift */,
			);
			path = Font;
			sourceTree = "<group>";
		};
		80354F172A416B0000412C73 /* Model */ = {
			isa = PBXGroup;
			children = (
				80354F182A416B1400412C73 /* DiaryModel.swift */,
				80354F1A2A4456EE00412C73 /* MainStickers.swift */,
				80D456612A6D166300B4ABD0 /* subscription.swift */,
			);
			path = Model;
			sourceTree = "<group>";
		};
		80CE8AF12A7B86C2003DE318 /* ViewModel */ = {
			isa = PBXGroup;
			children = (
				80CE8AF22A7B86E4003DE318 /* ViewViewModel.swift */,
				80CE8AF42A7B8C83003DE318 /* DateFormatModel.swift */,
			);
			path = ViewModel;
			sourceTree = "<group>";
		};
		80D965BB2A63EFDD00B8394A /* DayWidget */ = {
			isa = PBXGroup;
			children = (
				80D965BC2A63EFDD00B8394A /* DayWidgetBundle.swift */,
				80D965BE2A63EFDD00B8394A /* DayWidget.swift */,
				80D965C02A63EFDE00B8394A /* DayWidget.intentdefinition */,
				80D965C12A63EFE100B8394A /* Assets.xcassets */,
				80D965C32A63EFE100B8394A /* Info.plist */,
			);
			path = DayWidget;
			sourceTree = "<group>";
		};
		F21C80CDD2E90E1D04D8ECDF /* Pods */ = {
			isa = PBXGroup;
			children = (
				0C3E0C100D2B1F57BC413E1F /* Pods-Moody.debug.xcconfig */,
				E16FAD873342E95C6777C29B /* Pods-Moody.release.xcconfig */,
			);
			path = Pods;
			sourceTree = "<group>";
		};
		F5E60CD3BA765F62C95FEB80 /* Frameworks */ = {
			isa = PBXGroup;
			children = (
				8063CC862A6D51EA0050AD39 /* StoreKit.framework */,
				B192CBBC8EFADB5D77DD3199 /* Pods_Moody.framework */,
				80D965B72A63EFDD00B8394A /* WidgetKit.framework */,
				80D965B92A63EFDD00B8394A /* SwiftUI.framework */,
			);
			name = Frameworks;
			sourceTree = "<group>";
		};
/* End PBXGroup section */

/* Begin PBXNativeTarget section */
		80354EE32A3B206A00412C73 /* Moody */ = {
			isa = PBXNativeTarget;
			buildConfigurationList = 80354EF82A3B206D00412C73 /* Build configuration list for PBXNativeTarget "Moody" */;
			buildPhases = (
				0B588C4C1F8A4B7C66CF2A71 /* [CP] Check Pods Manifest.lock */,
				80354EE02A3B206A00412C73 /* Sources */,
				80354EE12A3B206A00412C73 /* Frameworks */,
				80354EE22A3B206A00412C73 /* Resources */,
				67265BA4634550802DA95E0E /* [CP] Embed Pods Frameworks */,
				80D965C92A63EFE100B8394A /* Embed Foundation Extensions */,
			);
			buildRules = (
			);
			dependencies = (
				80D965C72A63EFE100B8394A /* PBXTargetDependency */,
			);
			name = Moody;
			productName = Moody;
			productReference = 80354EE42A3B206A00412C73 /* Moody.app */;
			productType = "com.apple.product-type.application";
		};
		80D965B52A63EFDD00B8394A /* DayWidgetExtension */ = {
			isa = PBXNativeTarget;
			buildConfigurationList = 80D965CC2A63EFE100B8394A /* Build configuration list for PBXNativeTarget "DayWidgetExtension" */;
			buildPhases = (
				80D965B22A63EFDD00B8394A /* Sources */,
				80D965B32A63EFDD00B8394A /* Frameworks */,
				80D965B42A63EFDD00B8394A /* Resources */,
			);
			buildRules = (
			);
			dependencies = (
			);
			name = DayWidgetExtension;
			productName = DayWidgetExtension;
			productReference = 80D965B62A63EFDD00B8394A /* DayWidgetExtension.appex */;
			productType = "com.apple.product-type.app-extension";
		};
/* End PBXNativeTarget section */

/* Begin PBXProject section */
		80354EDC2A3B206A00412C73 /* Project object */ = {
			isa = PBXProject;
			attributes = {
				BuildIndependentTargetsInParallel = 1;
				LastSwiftUpdateCheck = 1430;
				LastUpgradeCheck = 1430;
				TargetAttributes = {
					80354EE32A3B206A00412C73 = {
						CreatedOnToolsVersion = 14.3.1;
					};
					80D965B52A63EFDD00B8394A = {
						CreatedOnToolsVersion = 14.3.1;
					};
				};
			};
			buildConfigurationList = 80354EDF2A3B206A00412C73 /* Build configuration list for PBXProject "Moody" */;
			compatibilityVersion = "Xcode 14.0";
			developmentRegion = ko;
			hasScannedForEncodings = 0;
			knownRegions = (
				ko,
				Base,
				en,
				id,
			);
			mainGroup = 80354EDB2A3B206A00412C73;
			productRefGroup = 80354EE52A3B206A00412C73 /* Products */;
			projectDirPath = "";
			projectRoot = "";
			targets = (
				80354EE32A3B206A00412C73 /* Moody */,
				80D965B52A63EFDD00B8394A /* DayWidgetExtension */,
			);
		};
/* End PBXProject section */

/* Begin PBXResourcesBuildPhase section */
		80354EE22A3B206A00412C73 /* Resources */ = {
			isa = PBXResourcesBuildPhase;
			buildActionMask = 2147483647;
			files = (
				80343F1B2A716E5B002B8FBA /* GoogleService-Info.plist in Resources */,
				8022919E2A6BB6870020CE86 /* LaunchScreen.storyboard in Resources */,
				801A16242A739035009BA246 /* Dosis-VariableFont_wght.ttf in Resources */,
				802CB2E22A515BFA00509957 /* Localizable.strings in Resources */,
				80354EF12A3B206D00412C73 /* Assets.xcassets in Resources */,
				801A16222A739032009BA246 /* Font-Regular.ttf in Resources */,
				80354EEF2A3B206A00412C73 /* Main.storyboard in Resources */,
			);
			runOnlyForDeploymentPostprocessing = 0;
		};
		80D965B42A63EFDD00B8394A /* Resources */ = {
			isa = PBXResourcesBuildPhase;
			buildActionMask = 2147483647;
			files = (
				801A16252A739035009BA246 /* Dosis-VariableFont_wght.ttf in Resources */,
				80D965C22A63EFE100B8394A /* Assets.xcassets in Resources */,
				801A16232A739032009BA246 /* Font-Regular.ttf in Resources */,
				80D965CD2A63F4BC00B8394A /* Localizable.strings in Resources */,
				80255CCD2AA5AD4800330063 /* Assets.xcassets in Resources */,
			);
			runOnlyForDeploymentPostprocessing = 0;
		};
/* End PBXResourcesBuildPhase section */

/* Begin PBXShellScriptBuildPhase section */
		0B588C4C1F8A4B7C66CF2A71 /* [CP] Check Pods Manifest.lock */ = {
			isa = PBXShellScriptBuildPhase;
			buildActionMask = 2147483647;
			files = (
			);
			inputFileListPaths = (
			);
			inputPaths = (
				"${PODS_PODFILE_DIR_PATH}/Podfile.lock",
				"${PODS_ROOT}/Manifest.lock",
			);
			name = "[CP] Check Pods Manifest.lock";
			outputFileListPaths = (
			);
			outputPaths = (
				"$(DERIVED_FILE_DIR)/Pods-Moody-checkManifestLockResult.txt",
			);
			runOnlyForDeploymentPostprocessing = 0;
			shellPath = /bin/sh;
			shellScript = "diff \"${PODS_PODFILE_DIR_PATH}/Podfile.lock\" \"${PODS_ROOT}/Manifest.lock\" > /dev/null\nif [ $? != 0 ] ; then\n    # print error to STDERR\n    echo \"error: The sandbox is not in sync with the Podfile.lock. Run 'pod install' or update your CocoaPods installation.\" >&2\n    exit 1\nfi\n# This output is used by Xcode 'outputs' to avoid re-running this script phase.\necho \"SUCCESS\" > \"${SCRIPT_OUTPUT_FILE_0}\"\n";
			showEnvVarsInLog = 0;
		};
		67265BA4634550802DA95E0E /* [CP] Embed Pods Frameworks */ = {
			isa = PBXShellScriptBuildPhase;
			buildActionMask = 2147483647;
			files = (
			);
			inputFileListPaths = (
				"${PODS_ROOT}/Target Support Files/Pods-Moody/Pods-Moody-frameworks-${CONFIGURATION}-input-files.xcfilelist",
			);
			name = "[CP] Embed Pods Frameworks";
			outputFileListPaths = (
				"${PODS_ROOT}/Target Support Files/Pods-Moody/Pods-Moody-frameworks-${CONFIGURATION}-output-files.xcfilelist",
			);
			runOnlyForDeploymentPostprocessing = 0;
			shellPath = /bin/sh;
			shellScript = "\"${PODS_ROOT}/Target Support Files/Pods-Moody/Pods-Moody-frameworks.sh\"\n";
			showEnvVarsInLog = 0;
		};
/* End PBXShellScriptBuildPhase section */

/* Begin PBXSourcesBuildPhase section */
		80354EE02A3B206A00412C73 /* Sources */ = {
			isa = PBXSourcesBuildPhase;
			buildActionMask = 2147483647;
			files = (
				80354EEC2A3B206A00412C73 /* ViewController.swift in Sources */,
				80354F032A3C1B4B00412C73 /* StickerCell.swift in Sources */,
				80354EE82A3B206A00412C73 /* AppDelegate.swift in Sources */,
				800C8C742A4ADC9600BE512E /* SettingViewController.swift in Sources */,
				80354F1B2A4456EE00412C73 /* MainStickers.swift in Sources */,
				80CE8AF32A7B86E4003DE318 /* ViewViewModel.swift in Sources */,
				80354F1D2A447B0300412C73 /* DiaryListViewController.swift in Sources */,
				802291A52A6D03680020CE86 /* SubscriptionViewController.swift in Sources */,
				800C8C702A4A83E800BE512E /* SelectCalendarViewController.swift in Sources */,
				80B23E4D2A52A82D007AECEF /* LanguageManager.swift in Sources */,
				80354F232A44841F00412C73 /* DiaryListCell.swift in Sources */,
				80354F052A3CA1BC00412C73 /* StickerViewController.swift in Sources */,
				80354F0A2A3DA37900412C73 /* Font.swift in Sources */,
				802CB2ED2A51697600509957 /* LanguageViewController.swift in Sources */,
				80354F012A3B6DD200412C73 /* DiaryDetailViewController.swift in Sources */,
				800C8C6E2A48450500BE512E /* GraphViewController.swift in Sources */,
				800C8C762A4AF02500BE512E /* DatePickerViewController.swift in Sources */,
				802E92442A4DC06500A25A23 /* PasswordSettingsViewController.swift in Sources */,
				80354F192A416B1400412C73 /* DiaryModel.swift in Sources */,
				80CE8AF52A7B8C83003DE318 /* DateFormatModel.swift in Sources */,
				80354F152A3EE3B700412C73 /* Database.swift in Sources */,
				80354EEA2A3B206A00412C73 /* SceneDelegate.swift in Sources */,
				80354EFF2A3B298C00412C73 /* DateCell.swift in Sources */,
				80D965C52A63EFE100B8394A /* DayWidget.intentdefinition in Sources */,
				800C8C782A4C2A6800BE512E /* PasswordViewController.swift in Sources */,
				800F84E12A59336A004A5D01 /* AccountConnectViewController.swift in Sources */,
				80D456622A6D166300B4ABD0 /* subscription.swift in Sources */,
			);
			runOnlyForDeploymentPostprocessing = 0;
		};
		80D965B22A63EFDD00B8394A /* Sources */ = {
			isa = PBXSourcesBuildPhase;
			buildActionMask = 2147483647;
			files = (
				80D965C42A63EFE100B8394A /* DayWidget.intentdefinition in Sources */,
				80D965BF2A63EFDD00B8394A /* DayWidget.swift in Sources */,
				80D965BD2A63EFDD00B8394A /* DayWidgetBundle.swift in Sources */,
			);
			runOnlyForDeploymentPostprocessing = 0;
		};
/* End PBXSourcesBuildPhase section */

/* Begin PBXTargetDependency section */
		80D965C72A63EFE100B8394A /* PBXTargetDependency */ = {
			isa = PBXTargetDependency;
			target = 80D965B52A63EFDD00B8394A /* DayWidgetExtension */;
			targetProxy = 80D965C62A63EFE100B8394A /* PBXContainerItemProxy */;
		};
/* End PBXTargetDependency section */

/* Begin PBXVariantGroup section */
		802CB2E42A515BFA00509957 /* Localizable.strings */ = {
			isa = PBXVariantGroup;
			children = (
				802CB2EA2A51660B00509957 /* ko */,
				802291A12A6BF22B0020CE86 /* en */,
				802291A32A6BF2840020CE86 /* id */,
			);
			name = Localizable.strings;
			sourceTree = "<group>";
		};
		80354EED2A3B206A00412C73 /* Main.storyboard */ = {
			isa = PBXVariantGroup;
			children = (
				8022919F2A6BF1E00020CE86 /* Base */,
				802291A02A6BF2090020CE86 /* en */,
				802291A22A6BF24A0020CE86 /* id */,
			);
			name = Main.storyboard;
			sourceTree = "<group>";
		};
/* End PBXVariantGroup section */

/* Begin XCBuildConfiguration section */
		80354EF62A3B206D00412C73 /* Debug */ = {
			isa = XCBuildConfiguration;
			buildSettings = {
				ALWAYS_SEARCH_USER_PATHS = NO;
				CLANG_ANALYZER_LOCALIZABILITY_NONLOCALIZED = YES;
				CLANG_ANALYZER_NONNULL = YES;
				CLANG_ANALYZER_NUMBER_OBJECT_CONVERSION = YES_AGGRESSIVE;
				CLANG_CXX_LANGUAGE_STANDARD = "gnu++20";
				CLANG_ENABLE_MODULES = YES;
				CLANG_ENABLE_OBJC_ARC = YES;
				CLANG_ENABLE_OBJC_WEAK = YES;
				CLANG_WARN_BLOCK_CAPTURE_AUTORELEASING = YES;
				CLANG_WARN_BOOL_CONVERSION = YES;
				CLANG_WARN_COMMA = YES;
				CLANG_WARN_CONSTANT_CONVERSION = YES;
				CLANG_WARN_DEPRECATED_OBJC_IMPLEMENTATIONS = YES;
				CLANG_WARN_DIRECT_OBJC_ISA_USAGE = YES_ERROR;
				CLANG_WARN_DOCUMENTATION_COMMENTS = YES;
				CLANG_WARN_EMPTY_BODY = YES;
				CLANG_WARN_ENUM_CONVERSION = YES;
				CLANG_WARN_INFINITE_RECURSION = YES;
				CLANG_WARN_INT_CONVERSION = YES;
				CLANG_WARN_NON_LITERAL_NULL_CONVERSION = YES;
				CLANG_WARN_OBJC_IMPLICIT_RETAIN_SELF = YES;
				CLANG_WARN_OBJC_LITERAL_CONVERSION = YES;
				CLANG_WARN_OBJC_ROOT_CLASS = YES_ERROR;
				CLANG_WARN_QUOTED_INCLUDE_IN_FRAMEWORK_HEADER = YES;
				CLANG_WARN_RANGE_LOOP_ANALYSIS = YES;
				CLANG_WARN_STRICT_PROTOTYPES = YES;
				CLANG_WARN_SUSPICIOUS_MOVE = YES;
				CLANG_WARN_UNGUARDED_AVAILABILITY = YES_AGGRESSIVE;
				CLANG_WARN_UNREACHABLE_CODE = YES;
				CLANG_WARN__DUPLICATE_METHOD_MATCH = YES;
				COPY_PHASE_STRIP = NO;
				DEBUG_INFORMATION_FORMAT = dwarf;
				ENABLE_STRICT_OBJC_MSGSEND = YES;
				ENABLE_TESTABILITY = YES;
				GCC_C_LANGUAGE_STANDARD = gnu11;
				GCC_DYNAMIC_NO_PIC = NO;
				GCC_NO_COMMON_BLOCKS = YES;
				GCC_OPTIMIZATION_LEVEL = 0;
				GCC_PREPROCESSOR_DEFINITIONS = (
					"DEBUG=1",
					"$(inherited)",
				);
				GCC_WARN_64_TO_32_BIT_CONVERSION = YES;
				GCC_WARN_ABOUT_RETURN_TYPE = YES_ERROR;
				GCC_WARN_UNDECLARED_SELECTOR = YES;
				GCC_WARN_UNINITIALIZED_AUTOS = YES_AGGRESSIVE;
				GCC_WARN_UNUSED_FUNCTION = YES;
				GCC_WARN_UNUSED_VARIABLE = YES;
				IPHONEOS_DEPLOYMENT_TARGET = 16.0;
				MTL_ENABLE_DEBUG_INFO = INCLUDE_SOURCE;
				MTL_FAST_MATH = YES;
				ONLY_ACTIVE_ARCH = YES;
				SDKROOT = iphoneos;
				SWIFT_ACTIVE_COMPILATION_CONDITIONS = DEBUG;
				SWIFT_OPTIMIZATION_LEVEL = "-Onone";
			};
			name = Debug;
		};
		80354EF72A3B206D00412C73 /* Release */ = {
			isa = XCBuildConfiguration;
			buildSettings = {
				ALWAYS_SEARCH_USER_PATHS = NO;
				CLANG_ANALYZER_LOCALIZABILITY_NONLOCALIZED = YES;
				CLANG_ANALYZER_NONNULL = YES;
				CLANG_ANALYZER_NUMBER_OBJECT_CONVERSION = YES_AGGRESSIVE;
				CLANG_CXX_LANGUAGE_STANDARD = "gnu++20";
				CLANG_ENABLE_MODULES = YES;
				CLANG_ENABLE_OBJC_ARC = YES;
				CLANG_ENABLE_OBJC_WEAK = YES;
				CLANG_WARN_BLOCK_CAPTURE_AUTORELEASING = YES;
				CLANG_WARN_BOOL_CONVERSION = YES;
				CLANG_WARN_COMMA = YES;
				CLANG_WARN_CONSTANT_CONVERSION = YES;
				CLANG_WARN_DEPRECATED_OBJC_IMPLEMENTATIONS = YES;
				CLANG_WARN_DIRECT_OBJC_ISA_USAGE = YES_ERROR;
				CLANG_WARN_DOCUMENTATION_COMMENTS = YES;
				CLANG_WARN_EMPTY_BODY = YES;
				CLANG_WARN_ENUM_CONVERSION = YES;
				CLANG_WARN_INFINITE_RECURSION = YES;
				CLANG_WARN_INT_CONVERSION = YES;
				CLANG_WARN_NON_LITERAL_NULL_CONVERSION = YES;
				CLANG_WARN_OBJC_IMPLICIT_RETAIN_SELF = YES;
				CLANG_WARN_OBJC_LITERAL_CONVERSION = YES;
				CLANG_WARN_OBJC_ROOT_CLASS = YES_ERROR;
				CLANG_WARN_QUOTED_INCLUDE_IN_FRAMEWORK_HEADER = YES;
				CLANG_WARN_RANGE_LOOP_ANALYSIS = YES;
				CLANG_WARN_STRICT_PROTOTYPES = YES;
				CLANG_WARN_SUSPICIOUS_MOVE = YES;
				CLANG_WARN_UNGUARDED_AVAILABILITY = YES_AGGRESSIVE;
				CLANG_WARN_UNREACHABLE_CODE = YES;
				CLANG_WARN__DUPLICATE_METHOD_MATCH = YES;
				COPY_PHASE_STRIP = NO;
				DEBUG_INFORMATION_FORMAT = "dwarf-with-dsym";
				ENABLE_NS_ASSERTIONS = NO;
				ENABLE_STRICT_OBJC_MSGSEND = YES;
				GCC_C_LANGUAGE_STANDARD = gnu11;
				GCC_NO_COMMON_BLOCKS = YES;
				GCC_WARN_64_TO_32_BIT_CONVERSION = YES;
				GCC_WARN_ABOUT_RETURN_TYPE = YES_ERROR;
				GCC_WARN_UNDECLARED_SELECTOR = YES;
				GCC_WARN_UNINITIALIZED_AUTOS = YES_AGGRESSIVE;
				GCC_WARN_UNUSED_FUNCTION = YES;
				GCC_WARN_UNUSED_VARIABLE = YES;
				IPHONEOS_DEPLOYMENT_TARGET = 16.0;
				MTL_ENABLE_DEBUG_INFO = NO;
				MTL_FAST_MATH = YES;
				SDKROOT = iphoneos;
				SWIFT_COMPILATION_MODE = wholemodule;
				SWIFT_OPTIMIZATION_LEVEL = "-O";
				VALIDATE_PRODUCT = YES;
			};
			name = Release;
		};
		80354EF92A3B206D00412C73 /* Debug */ = {
			isa = XCBuildConfiguration;
			baseConfigurationReference = 0C3E0C100D2B1F57BC413E1F /* Pods-Moody.debug.xcconfig */;
			buildSettings = {
				ALWAYS_EMBED_SWIFT_STANDARD_LIBRARIES = YES;
				ASSETCATALOG_COMPILER_APPICON_NAME = AppIcon;
				ASSETCATALOG_COMPILER_GLOBAL_ACCENT_COLOR_NAME = AccentColor;
				ASSETCATALOG_COMPILER_INCLUDE_ALL_APPICON_ASSETS = YES;
				CODE_SIGN_ENTITLEMENTS = Moody/Moody.entitlements;
				CODE_SIGN_STYLE = Automatic;
				CURRENT_PROJECT_VERSION = 1;
				DEVELOPMENT_TEAM = HK9U3ZG9M5;
				GENERATE_INFOPLIST_FILE = YES;
				INFOPLIST_FILE = Moody/Info.plist;
				INFOPLIST_KEY_CFBundleDisplayName = "무드오미터";
				INFOPLIST_KEY_NSFaceIDUsageDescription = "Please allow to continue with face ID";
				INFOPLIST_KEY_UIApplicationSupportsIndirectInputEvents = YES;
				INFOPLIST_KEY_UILaunchStoryboardName = LaunchScreen.storyboard;
				INFOPLIST_KEY_UIMainStoryboardFile = Main;
				INFOPLIST_KEY_UISupportedInterfaceOrientations_iPad = "UIInterfaceOrientationPortrait UIInterfaceOrientationPortraitUpsideDown UIInterfaceOrientationLandscapeLeft UIInterfaceOrientationLandscapeRight";
				INFOPLIST_KEY_UISupportedInterfaceOrientations_iPhone = UIInterfaceOrientationPortrait;
				LD_RUNPATH_SEARCH_PATHS = (
					"$(inherited)",
					"@executable_path/Frameworks",
				);
				MARKETING_VERSION = 1.0.2;
				PRODUCT_BUNDLE_IDENTIFIER = febby.Moody;
				PRODUCT_NAME = "$(TARGET_NAME)";
				SUPPORTED_PLATFORMS = "iphoneos iphonesimulator";
				SUPPORTS_MACCATALYST = NO;
				SUPPORTS_MAC_DESIGNED_FOR_IPHONE_IPAD = NO;
				SWIFT_EMIT_LOC_STRINGS = YES;
				SWIFT_VERSION = 5.0;
				TARGETED_DEVICE_FAMILY = "1,2";
			};
			name = Debug;
		};
		80354EFA2A3B206D00412C73 /* Release */ = {
			isa = XCBuildConfiguration;
			baseConfigurationReference = E16FAD873342E95C6777C29B /* Pods-Moody.release.xcconfig */;
			buildSettings = {
				ALWAYS_EMBED_SWIFT_STANDARD_LIBRARIES = YES;
				ASSETCATALOG_COMPILER_APPICON_NAME = AppIcon;
				ASSETCATALOG_COMPILER_GLOBAL_ACCENT_COLOR_NAME = AccentColor;
				ASSETCATALOG_COMPILER_INCLUDE_ALL_APPICON_ASSETS = YES;
				CODE_SIGN_ENTITLEMENTS = Moody/Moody.entitlements;
				CODE_SIGN_STYLE = Automatic;
				CURRENT_PROJECT_VERSION = 1;
				DEVELOPMENT_TEAM = HK9U3ZG9M5;
				GENERATE_INFOPLIST_FILE = YES;
				INFOPLIST_FILE = Moody/Info.plist;
				INFOPLIST_KEY_CFBundleDisplayName = "무드오미터";
				INFOPLIST_KEY_NSFaceIDUsageDescription = "Please allow to continue with face ID";
				INFOPLIST_KEY_UIApplicationSupportsIndirectInputEvents = YES;
				INFOPLIST_KEY_UILaunchStoryboardName = LaunchScreen.storyboard;
				INFOPLIST_KEY_UIMainStoryboardFile = Main;
				INFOPLIST_KEY_UISupportedInterfaceOrientations_iPad = "UIInterfaceOrientationPortrait UIInterfaceOrientationPortraitUpsideDown UIInterfaceOrientationLandscapeLeft UIInterfaceOrientationLandscapeRight";
				INFOPLIST_KEY_UISupportedInterfaceOrientations_iPhone = UIInterfaceOrientationPortrait;
				LD_RUNPATH_SEARCH_PATHS = (
					"$(inherited)",
					"@executable_path/Frameworks",
				);
				MARKETING_VERSION = 1.0.2;
				PRODUCT_BUNDLE_IDENTIFIER = febby.Moody;
				PRODUCT_NAME = "$(TARGET_NAME)";
				SUPPORTED_PLATFORMS = "iphoneos iphonesimulator";
				SUPPORTS_MACCATALYST = NO;
				SUPPORTS_MAC_DESIGNED_FOR_IPHONE_IPAD = NO;
				SWIFT_EMIT_LOC_STRINGS = YES;
				SWIFT_VERSION = 5.0;
				TARGETED_DEVICE_FAMILY = "1,2";
			};
			name = Release;
		};
		80D965CA2A63EFE100B8394A /* Debug */ = {
			isa = XCBuildConfiguration;
			buildSettings = {
				ASSETCATALOG_COMPILER_GLOBAL_ACCENT_COLOR_NAME = AccentColor;
				ASSETCATALOG_COMPILER_WIDGET_BACKGROUND_COLOR_NAME = WidgetBackground;
				CODE_SIGN_ENTITLEMENTS = DayWidgetExtension.entitlements;
				CODE_SIGN_STYLE = Automatic;
				CURRENT_PROJECT_VERSION = 1;
				DEVELOPMENT_TEAM = HK9U3ZG9M5;
				GENERATE_INFOPLIST_FILE = YES;
				INFOPLIST_FILE = DayWidget/Info.plist;
				INFOPLIST_KEY_CFBundleDisplayName = DayWidget;
				INFOPLIST_KEY_NSHumanReadableCopyright = "";
				LD_RUNPATH_SEARCH_PATHS = (
					"$(inherited)",
					"@executable_path/Frameworks",
					"@executable_path/../../Frameworks",
				);
				MARKETING_VERSION = 1.0.2;
				PRODUCT_BUNDLE_IDENTIFIER = febby.Moody.DayWidget;
				PRODUCT_NAME = "$(TARGET_NAME)";
				SKIP_INSTALL = YES;
				SWIFT_EMIT_LOC_STRINGS = YES;
				SWIFT_VERSION = 5.0;
				TARGETED_DEVICE_FAMILY = "1,2";
			};
			name = Debug;
		};
		80D965CB2A63EFE100B8394A /* Release */ = {
			isa = XCBuildConfiguration;
			buildSettings = {
				ASSETCATALOG_COMPILER_GLOBAL_ACCENT_COLOR_NAME = AccentColor;
				ASSETCATALOG_COMPILER_WIDGET_BACKGROUND_COLOR_NAME = WidgetBackground;
				CODE_SIGN_ENTITLEMENTS = DayWidgetExtension.entitlements;
				CODE_SIGN_STYLE = Automatic;
				CURRENT_PROJECT_VERSION = 1;
				DEVELOPMENT_TEAM = HK9U3ZG9M5;
				GENERATE_INFOPLIST_FILE = YES;
				INFOPLIST_FILE = DayWidget/Info.plist;
				INFOPLIST_KEY_CFBundleDisplayName = DayWidget;
				INFOPLIST_KEY_NSHumanReadableCopyright = "";
				LD_RUNPATH_SEARCH_PATHS = (
					"$(inherited)",
					"@executable_path/Frameworks",
					"@executable_path/../../Frameworks",
				);
				MARKETING_VERSION = 1.0.2;
				PRODUCT_BUNDLE_IDENTIFIER = febby.Moody.DayWidget;
				PRODUCT_NAME = "$(TARGET_NAME)";
				SKIP_INSTALL = YES;
				SWIFT_EMIT_LOC_STRINGS = YES;
				SWIFT_VERSION = 5.0;
				TARGETED_DEVICE_FAMILY = "1,2";
			};
			name = Release;
		};
/* End XCBuildConfiguration section */

/* Begin XCConfigurationList section */
		80354EDF2A3B206A00412C73 /* Build configuration list for PBXProject "Moody" */ = {
			isa = XCConfigurationList;
			buildConfigurations = (
				80354EF62A3B206D00412C73 /* Debug */,
				80354EF72A3B206D00412C73 /* Release */,
			);
			defaultConfigurationIsVisible = 0;
			defaultConfigurationName = Release;
		};
		80354EF82A3B206D00412C73 /* Build configuration list for PBXNativeTarget "Moody" */ = {
			isa = XCConfigurationList;
			buildConfigurations = (
				80354EF92A3B206D00412C73 /* Debug */,
				80354EFA2A3B206D00412C73 /* Release */,
			);
			defaultConfigurationIsVisible = 0;
			defaultConfigurationName = Release;
		};
		80D965CC2A63EFE100B8394A /* Build configuration list for PBXNativeTarget "DayWidgetExtension" */ = {
			isa = XCConfigurationList;
			buildConfigurations = (
				80D965CA2A63EFE100B8394A /* Debug */,
				80D965CB2A63EFE100B8394A /* Release */,
			);
			defaultConfigurationIsVisible = 0;
			defaultConfigurationName = Release;
		};
/* End XCConfigurationList section */
	};
	rootObject = 80354EDC2A3B206A00412C73 /* Project object */;
}
